// !$*UTF8*$!
{
	archiveVersion = 1;
	classes = {
	};
	objectVersion = 56;
	objects = {

/* Begin PBXBuildFile section */
		04C37C182AD42AC20001E46D /* codemagic.yaml in Resources */ = {isa = PBXBuildFile; fileRef = 04C37C172AD42AC20001E46D /* codemagic.yaml */; };
		04FFEC212AD41AB700308658 /* AppDelegate.swift in Sources */ = {isa = PBXBuildFile; fileRef = 04FFEC202AD41AB700308658 /* AppDelegate.swift */; };
		04FFEC2C2AD41AB700308658 /* Main.storyboard in Resources */ = {isa = PBXBuildFile; fileRef = 04FFEC2A2AD41AB700308658 /* Main.storyboard */; };
		04FFEC2E2AD41AB800308658 /* Assets.xcassets in Resources */ = {isa = PBXBuildFile; fileRef = 04FFEC2D2AD41AB800308658 /* Assets.xcassets */; };
		04FFEC312AD41AB800308658 /* LaunchScreen.storyboard in Resources */ = {isa = PBXBuildFile; fileRef = 04FFEC2F2AD41AB800308658 /* LaunchScreen.storyboard */; };
		04FFEC3C2AD41AFC00308658 /* instruction.txt in Resources */ = {isa = PBXBuildFile; fileRef = 04FFEC3B2AD41AFC00308658 /* instruction.txt */; };
		04FFEC3E2AD41B6100308658 /* PlaneFire.sks in Resources */ = {isa = PBXBuildFile; fileRef = 04FFEC3D2AD41B6100308658 /* PlaneFire.sks */; };
		04FFEC422AD41BA300308658 /* TimerGameScene.swift in Sources */ = {isa = PBXBuildFile; fileRef = 04FFEC412AD41BA300308658 /* TimerGameScene.swift */; };
		04FFEC442AD41BAC00308658 /* CoinGameScene.swift in Sources */ = {isa = PBXBuildFile; fileRef = 04FFEC432AD41BAC00308658 /* CoinGameScene.swift */; };
		04FFEC482AD41BF200308658 /* MenuViewController.swift in Sources */ = {isa = PBXBuildFile; fileRef = 04FFEC472AD41BF200308658 /* MenuViewController.swift */; };
		04FFEC4A2AD41BFD00308658 /* instructionViewController.swift in Sources */ = {isa = PBXBuildFile; fileRef = 04FFEC492AD41BFD00308658 /* instructionViewController.swift */; };
		04FFEC4C2AD41C1500308658 /* GameViewController.swift in Sources */ = {isa = PBXBuildFile; fileRef = 04FFEC4B2AD41C1500308658 /* GameViewController.swift */; };
		04FFEC4E2AD41C2A00308658 /* CustomizeViewController.swift in Sources */ = {isa = PBXBuildFile; fileRef = 04FFEC4D2AD41C2A00308658 /* CustomizeViewController.swift */; };
		04FFEC502AD41C6700308658 /* GameManager.swift in Sources */ = {isa = PBXBuildFile; fileRef = 04FFEC4F2AD41C6700308658 /* GameManager.swift */; };
		04FFEC522AD41C8700308658 /* Vibration.swift in Sources */ = {isa = PBXBuildFile; fileRef = 04FFEC512AD41C8700308658 /* Vibration.swift */; };
		04FFEC542AD41C9F00308658 /* Enums.swift in Sources */ = {isa = PBXBuildFile; fileRef = 04FFEC532AD41C9F00308658 /* Enums.swift */; };
		B614A652FC5742B3447E4CBF /* Pods_DroneAviator.framework in Frameworks */ = {isa = PBXBuildFile; fileRef = 352FCBB53ED05685E06CC2C2 /* Pods_DroneAviator.framework */; };
/* End PBXBuildFile section */

/* Begin PBXFileReference section */
		04C37C172AD42AC20001E46D /* codemagic.yaml */ = {isa = PBXFileReference; lastKnownFileType = text.yaml; path = codemagic.yaml; sourceTree = "<group>"; };
		04FFEC1D2AD41AB700308658 /* DroneAviator.app */ = {isa = PBXFileReference; explicitFileType = wrapper.application; includeInIndex = 0; path = DroneAviator.app; sourceTree = BUILT_PRODUCTS_DIR; };
		04FFEC202AD41AB700308658 /* AppDelegate.swift */ = {isa = PBXFileReference; lastKnownFileType = sourcecode.swift; path = AppDelegate.swift; sourceTree = "<group>"; };
		04FFEC2B2AD41AB700308658 /* Base */ = {isa = PBXFileReference; lastKnownFileType = file.storyboard; name = Base; path = Base.lproj/Main.storyboard; sourceTree = "<group>"; };
		04FFEC2D2AD41AB800308658 /* Assets.xcassets */ = {isa = PBXFileReference; lastKnownFileType = folder.assetcatalog; path = Assets.xcassets; sourceTree = "<group>"; };
		04FFEC302AD41AB800308658 /* Base */ = {isa = PBXFileReference; lastKnownFileType = file.storyboard; name = Base; path = Base.lproj/LaunchScreen.storyboard; sourceTree = "<group>"; };
		04FFEC3B2AD41AFC00308658 /* instruction.txt */ = {isa = PBXFileReference; lastKnownFileType = text; path = instruction.txt; sourceTree = "<group>"; };
		04FFEC3D2AD41B6100308658 /* PlaneFire.sks */ = {isa = PBXFileReference; lastKnownFileType = file.sks; path = PlaneFire.sks; sourceTree = "<group>"; };
		04FFEC412AD41BA300308658 /* TimerGameScene.swift */ = {isa = PBXFileReference; lastKnownFileType = sourcecode.swift; path = TimerGameScene.swift; sourceTree = "<group>"; };
		04FFEC432AD41BAC00308658 /* CoinGameScene.swift */ = {isa = PBXFileReference; lastKnownFileType = sourcecode.swift; path = CoinGameScene.swift; sourceTree = "<group>"; };
		04FFEC472AD41BF200308658 /* MenuViewController.swift */ = {isa = PBXFileReference; lastKnownFileType = sourcecode.swift; path = MenuViewController.swift; sourceTree = "<group>"; };
		04FFEC492AD41BFD00308658 /* instructionViewController.swift */ = {isa = PBXFileReference; lastKnownFileType = sourcecode.swift; path = instructionViewController.swift; sourceTree = "<group>"; };
		04FFEC4B2AD41C1500308658 /* GameViewController.swift */ = {isa = PBXFileReference; lastKnownFileType = sourcecode.swift; path = GameViewController.swift; sourceTree = "<group>"; };
		04FFEC4D2AD41C2A00308658 /* CustomizeViewController.swift */ = {isa = PBXFileReference; lastKnownFileType = sourcecode.swift; path = CustomizeViewController.swift; sourceTree = "<group>"; };
		04FFEC4F2AD41C6700308658 /* GameManager.swift */ = {isa = PBXFileReference; lastKnownFileType = sourcecode.swift; path = GameManager.swift; sourceTree = "<group>"; };
		04FFEC512AD41C8700308658 /* Vibration.swift */ = {isa = PBXFileReference; lastKnownFileType = sourcecode.swift; path = Vibration.swift; sourceTree = "<group>"; };
		04FFEC532AD41C9F00308658 /* Enums.swift */ = {isa = PBXFileReference; lastKnownFileType = sourcecode.swift; path = Enums.swift; sourceTree = "<group>"; };
		04FFEC552AD423BF00308658 /* DroneAviator.entitlements */ = {isa = PBXFileReference; lastKnownFileType = text.plist.entitlements; path = DroneAviator.entitlements; sourceTree = "<group>"; };
		352FCBB53ED05685E06CC2C2 /* Pods_DroneAviator.framework */ = {isa = PBXFileReference; explicitFileType = wrapper.framework; includeInIndex = 0; path = Pods_DroneAviator.framework; sourceTree = BUILT_PRODUCTS_DIR; };
		41D58583428D0B707CC407B1 /* Pods-DroneAviator.release.xcconfig */ = {isa = PBXFileReference; includeInIndex = 1; lastKnownFileType = text.xcconfig; name = "Pods-DroneAviator.release.xcconfig"; path = "Target Support Files/Pods-DroneAviator/Pods-DroneAviator.release.xcconfig"; sourceTree = "<group>"; };
		9EAB2959542DEC80866A988A /* Pods-DroneAviator.debug.xcconfig */ = {isa = PBXFileReference; includeInIndex = 1; lastKnownFileType = text.xcconfig; name = "Pods-DroneAviator.debug.xcconfig"; path = "Target Support Files/Pods-DroneAviator/Pods-DroneAviator.debug.xcconfig"; sourceTree = "<group>"; };
/* End PBXFileReference section */

/* Begin PBXFrameworksBuildPhase section */
		04FFEC1A2AD41AB700308658 /* Frameworks */ = {
			isa = PBXFrameworksBuildPhase;
			buildActionMask = 2147483647;
			files = (
				B614A652FC5742B3447E4CBF /* Pods_DroneAviator.framework in Frameworks */,
			);
			runOnlyForDeploymentPostprocessing = 0;
		};
/* End PBXFrameworksBuildPhase section */

/* Begin PBXGroup section */
		04FFEC142AD41AB700308658 = {
			isa = PBXGroup;
			children = (
				04FFEC1F2AD41AB700308658 /* DroneAviator */,
				04FFEC1E2AD41AB700308658 /* Products */,
				A722DA46C8C2484787B6C1FA /* Pods */,
				D95B14EBFFE402253392457D /* Frameworks */,
			);
			sourceTree = "<group>";
		};
		04FFEC1E2AD41AB700308658 /* Products */ = {
			isa = PBXGroup;
			children = (
				04FFEC1D2AD41AB700308658 /* DroneAviator.app */,
			);
			name = Products;
			sourceTree = "<group>";
		};
		04FFEC1F2AD41AB700308658 /* DroneAviator */ = {
			isa = PBXGroup;
			children = (
				04FFEC552AD423BF00308658 /* DroneAviator.entitlements */,
				04FFEC3A2AD41ADD00308658 /* Resources */,
				04FFEC392AD41AD700308658 /* Controllers */,
				04FFEC382AD41AD200308658 /* Views */,
				04FFEC372AD41ACB00308658 /* Scenes */,
				04C37C172AD42AC20001E46D /* codemagic.yaml */,
			);
			path = DroneAviator;
			sourceTree = "<group>";
		};
		04FFEC372AD41ACB00308658 /* Scenes */ = {
			isa = PBXGroup;
			children = (
				04FFEC412AD41BA300308658 /* TimerGameScene.swift */,
				04FFEC432AD41BAC00308658 /* CoinGameScene.swift */,
			);
			path = Scenes;
			sourceTree = "<group>";
		};
		04FFEC382AD41AD200308658 /* Views */ = {
			isa = PBXGroup;
			children = (
				04FFEC2A2AD41AB700308658 /* Main.storyboard */,
				04FFEC2D2AD41AB800308658 /* Assets.xcassets */,
				04FFEC2F2AD41AB800308658 /* LaunchScreen.storyboard */,
				04FFEC3D2AD41B6100308658 /* PlaneFire.sks */,
			);
			path = Views;
			sourceTree = "<group>";
		};
		04FFEC392AD41AD700308658 /* Controllers */ = {
			isa = PBXGroup;
			children = (
				04FFEC472AD41BF200308658 /* MenuViewController.swift */,
				04FFEC492AD41BFD00308658 /* instructionViewController.swift */,
				04FFEC4B2AD41C1500308658 /* GameViewController.swift */,
				04FFEC4D2AD41C2A00308658 /* CustomizeViewController.swift */,
			);
			path = Controllers;
			sourceTree = "<group>";
		};
		04FFEC3A2AD41ADD00308658 /* Resources */ = {
			isa = PBXGroup;
			children = (
				04FFEC202AD41AB700308658 /* AppDelegate.swift */,
				04FFEC3B2AD41AFC00308658 /* instruction.txt */,
				04FFEC4F2AD41C6700308658 /* GameManager.swift */,
				04FFEC512AD41C8700308658 /* Vibration.swift */,
				04FFEC532AD41C9F00308658 /* Enums.swift */,
			);
			path = Resources;
			sourceTree = "<group>";
		};
		A722DA46C8C2484787B6C1FA /* Pods */ = {
			isa = PBXGroup;
			children = (
				9EAB2959542DEC80866A988A /* Pods-DroneAviator.debug.xcconfig */,
				41D58583428D0B707CC407B1 /* Pods-DroneAviator.release.xcconfig */,
			);
			path = Pods;
			sourceTree = "<group>";
		};
		D95B14EBFFE402253392457D /* Frameworks */ = {
			isa = PBXGroup;
			children = (
				352FCBB53ED05685E06CC2C2 /* Pods_DroneAviator.framework */,
			);
			name = Frameworks;
			sourceTree = "<group>";
		};
/* End PBXGroup section */

/* Begin PBXNativeTarget section */
		04FFEC1C2AD41AB700308658 /* DroneAviator */ = {
			isa = PBXNativeTarget;
			buildConfigurationList = 04FFEC342AD41AB800308658 /* Build configuration list for PBXNativeTarget "DroneAviator" */;
			buildPhases = (
				422E247FADF02500221F5644 /* [CP] Check Pods Manifest.lock */,
				04FFEC192AD41AB700308658 /* Sources */,
				04FFEC1A2AD41AB700308658 /* Frameworks */,
				04FFEC1B2AD41AB700308658 /* Resources */,
				743ABDB9314F48F8D09BDC36 /* [CP] Embed Pods Frameworks */,
			);
			buildRules = (
			);
			dependencies = (
			);
			name = DroneAviator;
			productName = DroneAviator;
			productReference = 04FFEC1D2AD41AB700308658 /* DroneAviator.app */;
			productType = "com.apple.product-type.application";
		};
/* End PBXNativeTarget section */

/* Begin PBXProject section */
		04FFEC152AD41AB700308658 /* Project object */ = {
			isa = PBXProject;
			attributes = {
				BuildIndependentTargetsInParallel = 1;
				LastSwiftUpdateCheck = 1500;
				LastUpgradeCheck = 1500;
				TargetAttributes = {
					04FFEC1C2AD41AB700308658 = {
						CreatedOnToolsVersion = 15.0;
					};
				};
			};
			buildConfigurationList = 04FFEC182AD41AB700308658 /* Build configuration list for PBXProject "DroneAviator" */;
			compatibilityVersion = "Xcode 14.0";
			developmentRegion = en;
			hasScannedForEncodings = 0;
			knownRegions = (
				en,
				Base,
			);
			mainGroup = 04FFEC142AD41AB700308658;
			productRefGroup = 04FFEC1E2AD41AB700308658 /* Products */;
			projectDirPath = "";
			projectRoot = "";
			targets = (
				04FFEC1C2AD41AB700308658 /* DroneAviator */,
			);
		};
/* End PBXProject section */

/* Begin PBXResourcesBuildPhase section */
		04FFEC1B2AD41AB700308658 /* Resources */ = {
			isa = PBXResourcesBuildPhase;
			buildActionMask = 2147483647;
			files = (
				04FFEC2C2AD41AB700308658 /* Main.storyboard in Resources */,
				04FFEC2E2AD41AB800308658 /* Assets.xcassets in Resources */,
				04FFEC3E2AD41B6100308658 /* PlaneFire.sks in Resources */,
				04C37C182AD42AC20001E46D /* codemagic.yaml in Resources */,
				04FFEC3C2AD41AFC00308658 /* instruction.txt in Resources */,
				04FFEC312AD41AB800308658 /* LaunchScreen.storyboard in Resources */,
			);
			runOnlyForDeploymentPostprocessing = 0;
		};
/* End PBXResourcesBuildPhase section */

/* Begin PBXShellScriptBuildPhase section */
		422E247FADF02500221F5644 /* [CP] Check Pods Manifest.lock */ = {
			isa = PBXShellScriptBuildPhase;
			buildActionMask = 2147483647;
			files = (
			);
			inputFileListPaths = (
			);
			inputPaths = (
				"${PODS_PODFILE_DIR_PATH}/Podfile.lock",
				"${PODS_ROOT}/Manifest.lock",
			);
			name = "[CP] Check Pods Manifest.lock";
			outputFileListPaths = (
			);
			outputPaths = (
				"$(DERIVED_FILE_DIR)/Pods-DroneAviator-checkManifestLockResult.txt",
			);
			runOnlyForDeploymentPostprocessing = 0;
			shellPath = /bin/sh;
			shellScript = "diff \"${PODS_PODFILE_DIR_PATH}/Podfile.lock\" \"${PODS_ROOT}/Manifest.lock\" > /dev/null\nif [ $? != 0 ] ; then\n    # print error to STDERR\n    echo \"error: The sandbox is not in sync with the Podfile.lock. Run 'pod install' or update your CocoaPods installation.\" >&2\n    exit 1\nfi\n# This output is used by Xcode 'outputs' to avoid re-running this script phase.\necho \"SUCCESS\" > \"${SCRIPT_OUTPUT_FILE_0}\"\n";
			showEnvVarsInLog = 0;
		};
		743ABDB9314F48F8D09BDC36 /* [CP] Embed Pods Frameworks */ = {
			isa = PBXShellScriptBuildPhase;
			buildActionMask = 2147483647;
			files = (
			);
			inputFileListPaths = (
				"${PODS_ROOT}/Target Support Files/Pods-DroneAviator/Pods-DroneAviator-frameworks-${CONFIGURATION}-input-files.xcfilelist",
			);
			name = "[CP] Embed Pods Frameworks";
			outputFileListPaths = (
				"${PODS_ROOT}/Target Support Files/Pods-DroneAviator/Pods-DroneAviator-frameworks-${CONFIGURATION}-output-files.xcfilelist",
			);
			runOnlyForDeploymentPostprocessing = 0;
			shellPath = /bin/sh;
			shellScript = "\"${PODS_ROOT}/Target Support Files/Pods-DroneAviator/Pods-DroneAviator-frameworks.sh\"\n";
			showEnvVarsInLog = 0;
		};
/* End PBXShellScriptBuildPhase section */

/* Begin PBXSourcesBuildPhase section */
		04FFEC192AD41AB700308658 /* Sources */ = {
			isa = PBXSourcesBuildPhase;
			buildActionMask = 2147483647;
			files = (
				04FFEC4A2AD41BFD00308658 /* instructionViewController.swift in Sources */,
				04FFEC502AD41C6700308658 /* GameManager.swift in Sources */,
				04FFEC542AD41C9F00308658 /* Enums.swift in Sources */,
				04FFEC422AD41BA300308658 /* TimerGameScene.swift in Sources */,
				04FFEC212AD41AB700308658 /* AppDelegate.swift in Sources */,
				04FFEC442AD41BAC00308658 /* CoinGameScene.swift in Sources */,
				04FFEC4E2AD41C2A00308658 /* CustomizeViewController.swift in Sources */,
				04FFEC522AD41C8700308658 /* Vibration.swift in Sources */,
				04FFEC4C2AD41C1500308658 /* GameViewController.swift in Sources */,
				04FFEC482AD41BF200308658 /* MenuViewController.swift in Sources */,
			);
			runOnlyForDeploymentPostprocessing = 0;
		};
/* End PBXSourcesBuildPhase section */

/* Begin PBXVariantGroup section */
		04FFEC2A2AD41AB700308658 /* Main.storyboard */ = {
			isa = PBXVariantGroup;
			children = (
				04FFEC2B2AD41AB700308658 /* Base */,
			);
			name = Main.storyboard;
			sourceTree = "<group>";
		};
		04FFEC2F2AD41AB800308658 /* LaunchScreen.storyboard */ = {
			isa = PBXVariantGroup;
			children = (
				04FFEC302AD41AB800308658 /* Base */,
			);
			name = LaunchScreen.storyboard;
			sourceTree = "<group>";
		};
/* End PBXVariantGroup section */

/* Begin XCBuildConfiguration section */
		04FFEC322AD41AB800308658 /* Debug */ = {
			isa = XCBuildConfiguration;
			buildSettings = {
				ALWAYS_SEARCH_USER_PATHS = NO;
				ASSETCATALOG_COMPILER_GENERATE_SWIFT_ASSET_SYMBOL_EXTENSIONS = YES;
				CLANG_ANALYZER_NONNULL = YES;
				CLANG_ANALYZER_NUMBER_OBJECT_CONVERSION = YES_AGGRESSIVE;
				CLANG_CXX_LANGUAGE_STANDARD = "gnu++20";
				CLANG_ENABLE_MODULES = YES;
				CLANG_ENABLE_OBJC_ARC = YES;
				CLANG_ENABLE_OBJC_WEAK = YES;
				CLANG_WARN_BLOCK_CAPTURE_AUTORELEASING = YES;
				CLANG_WARN_BOOL_CONVERSION = YES;
				CLANG_WARN_COMMA = YES;
				CLANG_WARN_CONSTANT_CONVERSION = YES;
				CLANG_WARN_DEPRECATED_OBJC_IMPLEMENTATIONS = YES;
				CLANG_WARN_DIRECT_OBJC_ISA_USAGE = YES_ERROR;
				CLANG_WARN_DOCUMENTATION_COMMENTS = YES;
				CLANG_WARN_EMPTY_BODY = YES;
				CLANG_WARN_ENUM_CONVERSION = YES;
				CLANG_WARN_INFINITE_RECURSION = YES;
				CLANG_WARN_INT_CONVERSION = YES;
				CLANG_WARN_NON_LITERAL_NULL_CONVERSION = YES;
				CLANG_WARN_OBJC_IMPLICIT_RETAIN_SELF = YES;
				CLANG_WARN_OBJC_LITERAL_CONVERSION = YES;
				CLANG_WARN_OBJC_ROOT_CLASS = YES_ERROR;
				CLANG_WARN_QUOTED_INCLUDE_IN_FRAMEWORK_HEADER = YES;
				CLANG_WARN_RANGE_LOOP_ANALYSIS = YES;
				CLANG_WARN_STRICT_PROTOTYPES = YES;
				CLANG_WARN_SUSPICIOUS_MOVE = YES;
				CLANG_WARN_UNGUARDED_AVAILABILITY = YES_AGGRESSIVE;
				CLANG_WARN_UNREACHABLE_CODE = YES;
				CLANG_WARN__DUPLICATE_METHOD_MATCH = YES;
				COPY_PHASE_STRIP = NO;
				DEBUG_INFORMATION_FORMAT = dwarf;
				ENABLE_STRICT_OBJC_MSGSEND = YES;
				ENABLE_TESTABILITY = YES;
				ENABLE_USER_SCRIPT_SANDBOXING = YES;
				GCC_C_LANGUAGE_STANDARD = gnu17;
				GCC_DYNAMIC_NO_PIC = NO;
				GCC_NO_COMMON_BLOCKS = YES;
				GCC_OPTIMIZATION_LEVEL = 0;
				GCC_PREPROCESSOR_DEFINITIONS = (
					"DEBUG=1",
					"$(inherited)",
				);
				GCC_WARN_64_TO_32_BIT_CONVERSION = YES;
				GCC_WARN_ABOUT_RETURN_TYPE = YES_ERROR;
				GCC_WARN_UNDECLARED_SELECTOR = YES;
				GCC_WARN_UNINITIALIZED_AUTOS = YES_AGGRESSIVE;
				GCC_WARN_UNUSED_FUNCTION = YES;
				GCC_WARN_UNUSED_VARIABLE = YES;
				IPHONEOS_DEPLOYMENT_TARGET = 17.0;
				LOCALIZATION_PREFERS_STRING_CATALOGS = YES;
				MTL_ENABLE_DEBUG_INFO = INCLUDE_SOURCE;
				MTL_FAST_MATH = YES;
				ONLY_ACTIVE_ARCH = YES;
				SDKROOT = iphoneos;
				SWIFT_ACTIVE_COMPILATION_CONDITIONS = "DEBUG $(inherited)";
				SWIFT_OPTIMIZATION_LEVEL = "-Onone";
			};
			name = Debug;
		};
		04FFEC332AD41AB800308658 /* Release */ = {
			isa = XCBuildConfiguration;
			buildSettings = {
				ALWAYS_SEARCH_USER_PATHS = NO;
				ASSETCATALOG_COMPILER_GENERATE_SWIFT_ASSET_SYMBOL_EXTENSIONS = YES;
				CLANG_ANALYZER_NONNULL = YES;
				CLANG_ANALYZER_NUMBER_OBJECT_CONVERSION = YES_AGGRESSIVE;
				CLANG_CXX_LANGUAGE_STANDARD = "gnu++20";
				CLANG_ENABLE_MODULES = YES;
				CLANG_ENABLE_OBJC_ARC = YES;
				CLANG_ENABLE_OBJC_WEAK = YES;
				CLANG_WARN_BLOCK_CAPTURE_AUTORELEASING = YES;
				CLANG_WARN_BOOL_CONVERSION = YES;
				CLANG_WARN_COMMA = YES;
				CLANG_WARN_CONSTANT_CONVERSION = YES;
				CLANG_WARN_DEPRECATED_OBJC_IMPLEMENTATIONS = YES;
				CLANG_WARN_DIRECT_OBJC_ISA_USAGE = YES_ERROR;
				CLANG_WARN_DOCUMENTATION_COMMENTS = YES;
				CLANG_WARN_EMPTY_BODY = YES;
				CLANG_WARN_ENUM_CONVERSION = YES;
				CLANG_WARN_INFINITE_RECURSION = YES;
				CLANG_WARN_INT_CONVERSION = YES;
				CLANG_WARN_NON_LITERAL_NULL_CONVERSION = YES;
				CLANG_WARN_OBJC_IMPLICIT_RETAIN_SELF = YES;
				CLANG_WARN_OBJC_LITERAL_CONVERSION = YES;
				CLANG_WARN_OBJC_ROOT_CLASS = YES_ERROR;
				CLANG_WARN_QUOTED_INCLUDE_IN_FRAMEWORK_HEADER = YES;
				CLANG_WARN_RANGE_LOOP_ANALYSIS = YES;
				CLANG_WARN_STRICT_PROTOTYPES = YES;
				CLANG_WARN_SUSPICIOUS_MOVE = YES;
				CLANG_WARN_UNGUARDED_AVAILABILITY = YES_AGGRESSIVE;
				CLANG_WARN_UNREACHABLE_CODE = YES;
				CLANG_WARN__DUPLICATE_METHOD_MATCH = YES;
				COPY_PHASE_STRIP = NO;
				DEBUG_INFORMATION_FORMAT = "dwarf-with-dsym";
				ENABLE_NS_ASSERTIONS = NO;
				ENABLE_STRICT_OBJC_MSGSEND = YES;
				ENABLE_USER_SCRIPT_SANDBOXING = YES;
				GCC_C_LANGUAGE_STANDARD = gnu17;
				GCC_NO_COMMON_BLOCKS = YES;
				GCC_WARN_64_TO_32_BIT_CONVERSION = YES;
				GCC_WARN_ABOUT_RETURN_TYPE = YES_ERROR;
				GCC_WARN_UNDECLARED_SELECTOR = YES;
				GCC_WARN_UNINITIALIZED_AUTOS = YES_AGGRESSIVE;
				GCC_WARN_UNUSED_FUNCTION = YES;
				GCC_WARN_UNUSED_VARIABLE = YES;
				IPHONEOS_DEPLOYMENT_TARGET = 17.0;
				LOCALIZATION_PREFERS_STRING_CATALOGS = YES;
				MTL_ENABLE_DEBUG_INFO = NO;
				MTL_FAST_MATH = YES;
				SDKROOT = iphoneos;
				SWIFT_COMPILATION_MODE = wholemodule;
				VALIDATE_PRODUCT = YES;
			};
			name = Release;
		};
		04FFEC352AD41AB800308658 /* Debug */ = {
			isa = XCBuildConfiguration;
			baseConfigurationReference = 9EAB2959542DEC80866A988A /* Pods-DroneAviator.debug.xcconfig */;
			buildSettings = {
				ASSETCATALOG_COMPILER_APPICON_NAME = AppIcon;
				ASSETCATALOG_COMPILER_GLOBAL_ACCENT_COLOR_NAME = AccentColor;
				CODE_SIGN_ENTITLEMENTS = DroneAviator/DroneAviator.entitlements;
				CODE_SIGN_STYLE = Automatic;
				CURRENT_PROJECT_VERSION = 1;
				GENERATE_INFOPLIST_FILE = YES;
				INFOPLIST_KEY_CFBundleDisplayName = "Drone Aviator";
				INFOPLIST_KEY_LSApplicationCategoryType = "public.app-category.games";
				INFOPLIST_KEY_UIApplicationSupportsIndirectInputEvents = YES;
				INFOPLIST_KEY_UILaunchStoryboardName = LaunchScreen;
				INFOPLIST_KEY_UIMainStoryboardFile = Main;
				INFOPLIST_KEY_UIStatusBarHidden = YES;
				INFOPLIST_KEY_UISupportedInterfaceOrientations_iPad = "UIInterfaceOrientationPortrait UIInterfaceOrientationPortraitUpsideDown UIInterfaceOrientationLandscapeLeft UIInterfaceOrientationLandscapeRight";
				INFOPLIST_KEY_UISupportedInterfaceOrientations_iPhone = "UIInterfaceOrientationPortrait UIInterfaceOrientationLandscapeLeft UIInterfaceOrientationLandscapeRight";
				IPHONEOS_DEPLOYMENT_TARGET = 14.1;
				LD_RUNPATH_SEARCH_PATHS = (
					"$(inherited)",
					"@executable_path/Frameworks",
				);
				MARKETING_VERSION = 1.0;
				PRODUCT_BUNDLE_IDENTIFIER = com.alicjano.DroneAviator;
				PRODUCT_NAME = "$(TARGET_NAME)";
				SUPPORTED_PLATFORMS = "iphoneos iphonesimulator";
				SUPPORTS_MACCATALYST = NO;
				SWIFT_EMIT_LOC_STRINGS = YES;
				SWIFT_VERSION = 5.0;
				TARGETED_DEVICE_FAMILY = 1;
			};
			name = Debug;
		};
		04FFEC362AD41AB800308658 /* Release */ = {
			isa = XCBuildConfiguration;
			baseConfigurationReference = 41D58583428D0B707CC407B1 /* Pods-DroneAviator.release.xcconfig */;
			buildSettings = {
				ASSETCATALOG_COMPILER_APPICON_NAME = AppIcon;
				ASSETCATALOG_COMPILER_GLOBAL_ACCENT_COLOR_NAME = AccentColor;
				CODE_SIGN_ENTITLEMENTS = DroneAviator/DroneAviator.entitlements;
				CODE_SIGN_STYLE = Automatic;
				CURRENT_PROJECT_VERSION = 1;
				GENERATE_INFOPLIST_FILE = YES;
				INFOPLIST_KEY_CFBundleDisplayName = "Drone Aviator";
				INFOPLIST_KEY_LSApplicationCategoryType = "public.app-category.games";
				INFOPLIST_KEY_UIApplicationSupportsIndirectInputEvents = YES;
				INFOPLIST_KEY_UILaunchStoryboardName = LaunchScreen;
				INFOPLIST_KEY_UIMainStoryboardFile = Main;
				INFOPLIST_KEY_UIStatusBarHidden = YES;
				INFOPLIST_KEY_UISupportedInterfaceOrientations_iPad = "UIInterfaceOrientationPortrait UIInterfaceOrientationPortraitUpsideDown UIInterfaceOrientationLandscapeLeft UIInterfaceOrientationLandscapeRight";
				INFOPLIST_KEY_UISupportedInterfaceOrientations_iPhone = "UIInterfaceOrientationPortrait UIInterfaceOrientationLandscapeLeft UIInterfaceOrientationLandscapeRight";
				IPHONEOS_DEPLOYMENT_TARGET = 14.1;
				LD_RUNPATH_SEARCH_PATHS = (
					"$(inherited)",
					"@executable_path/Frameworks",
				);
				MARKETING_VERSION = 1.0;
				PRODUCT_BUNDLE_IDENTIFIER = com.alicjano.DroneAviator;
				PRODUCT_NAME = "$(TARGET_NAME)";
				SUPPORTED_PLATFORMS = "iphoneos iphonesimulator";
				SUPPORTS_MACCATALYST = NO;
				SWIFT_EMIT_LOC_STRINGS = YES;
				SWIFT_VERSION = 5.0;
				TARGETED_DEVICE_FAMILY = 1;
			};
			name = Release;
		};
/* End XCBuildConfiguration section */

/* Begin XCConfigurationList section */
		04FFEC182AD41AB700308658 /* Build configuration list for PBXProject "DroneAviator" */ = {
			isa = XCConfigurationList;
			buildConfigurations = (
				04FFEC322AD41AB800308658 /* Debug */,
				04FFEC332AD41AB800308658 /* Release */,
			);
			defaultConfigurationIsVisible = 0;
			defaultConfigurationName = Release;
		};
		04FFEC342AD41AB800308658 /* Build configuration list for PBXNativeTarget "DroneAviator" */ = {
			isa = XCConfigurationList;
			buildConfigurations = (
				04FFEC352AD41AB800308658 /* Debug */,
				04FFEC362AD41AB800308658 /* Release */,
			);
			defaultConfigurationIsVisible = 0;
			defaultConfigurationName = Release;
		};
/* End XCConfigurationList section */
	};
	rootObject = 04FFEC152AD41AB700308658 /* Project object */;
}
